
Microsoft Visual Studio Solution File, Format Version 12.00
# Visual Studio Version 17
VisualStudioVersion = 17.6.33815.320
MinimumVisualStudioVersion = 10.0.40219.1
Project("{9A19103F-16F7-4668-BE54-9A1E7A4F7556}") = "ALGOS_LABA2", "ALGOS_LABA2.csproj", "{FF1C8C60-2C23-4C2A-A59F-F4F84EA31A79}"
EndProject
Project("{FAE04EC0-301F-11D3-BF4B-00C04F79EFBC}") = "SortMerge", "..\SortMerge\SortMerge.csproj", "{031D8C91-CEC0-4F4B-8645-66102AA49718}"
EndProject
Global
	GlobalSection(SolutionConfigurationPlatforms) = preSolution
		Debug|Any CPU = Debug|Any CPU
		Release|Any CPU = Release|Any CPU
	EndGlobalSection
	GlobalSection(ProjectConfigurationPlatforms) = postSolution
		{FF1C8C60-2C23-4C2A-A59F-F4F84EA31A79}.Debug|Any CPU.ActiveCfg = Debug|Any CPU
		{FF1C8C60-2C23-4C2A-A59F-F4F84EA31A79}.Debug|Any CPU.Build.0 = Debug|Any CPU
		{FF1C8C60-2C23-4C2A-A59F-F4F84EA31A79}.Release|Any CPU.ActiveCfg = Release|Any CPU
		{FF1C8C60-2C23-4C2A-A59F-F4F84EA31A79}.Release|Any CPU.Build.0 = Release|Any CPU
		{031D8C91-CEC0-4F4B-8645-66102AA49718}.Debug|Any CPU.ActiveCfg = Debug|Any CPU
		{031D8C91-CEC0-4F4B-8645-66102AA49718}.Debug|Any CPU.Build.0 = Debug|Any CPU
		{031D8C91-CEC0-4F4B-8645-66102AA49718}.Release|Any CPU.ActiveCfg = Release|Any CPU
		{031D8C91-CEC0-4F4B-8645-66102AA49718}.Release|Any CPU.Build.0 = Release|Any CPU
	EndGlobalSection
	GlobalSection(SolutionProperties) = preSolution
		HideSolutionNode = FALSE
	EndGlobalSection
	GlobalSection(ExtensibilityGlobals) = postSolution
		SolutionGuid = {9EA7EC21-1CFD-47C3-B73F-53F8BACABB37}
	EndGlobalSection
EndGlobal
